
Microsoft Visual Studio Solution File, Format Version 12.00
# Visual Studio Version 16
VisualStudioVersion = 16.0.31129.286
MinimumVisualStudioVersion = 10.0.40219.1
Project("{FAE04EC0-301F-11D3-BF4B-00C04F79EFBC}") = "Diplom1", "Diplom1\Diplom1.csproj", "{05339887-DE84-4DFC-BCF6-061151824ACC}"
EndProject
Project("{FAE04EC0-301F-11D3-BF4B-00C04F79EFBC}") = "Diplom1.Tests", "Diplom1.Tests\Diplom1.Tests.csproj", "{12B118A9-0DAC-4684-A52C-F692FC61BFD2}"
EndProject
Global
	GlobalSection(SolutionConfigurationPlatforms) = preSolution
		Debug|Any CPU = Debug|Any CPU
		Release|Any CPU = Release|Any CPU
	EndGlobalSection
	GlobalSection(ProjectConfigurationPlatforms) = postSolution
		{05339887-DE84-4DFC-BCF6-061151824ACC}.Debug|Any CPU.ActiveCfg = Debug|Any CPU
		{05339887-DE84-4DFC-BCF6-061151824ACC}.Debug|Any CPU.Build.0 = Debug|Any CPU
		{05339887-DE84-4DFC-BCF6-061151824ACC}.Release|Any CPU.ActiveCfg = Release|Any CPU
		{05339887-DE84-4DFC-BCF6-061151824ACC}.Release|Any CPU.Build.0 = Release|Any CPU
		{12B118A9-0DAC-4684-A52C-F692FC61BFD2}.Debug|Any CPU.ActiveCfg = Debug|Any CPU
		{12B118A9-0DAC-4684-A52C-F692FC61BFD2}.Debug|Any CPU.Build.0 = Debug|Any CPU
		{12B118A9-0DAC-4684-A52C-F692FC61BFD2}.Release|Any CPU.ActiveCfg = Release|Any CPU
		{12B118A9-0DAC-4684-A52C-F692FC61BFD2}.Release|Any CPU.Build.0 = Release|Any CPU
	EndGlobalSection
	GlobalSection(SolutionProperties) = preSolution
		HideSolutionNode = FALSE
	EndGlobalSection
	GlobalSection(ExtensibilityGlobals) = postSolution
		SolutionGuid = {BB8EB73A-71F5-4E8A-B9D5-BD49520AD8E8}
	EndGlobalSection
EndGlobal
